<?xml version="1.0" encoding="utf-8"?>
<Project ToolsVersion="4.0" xmlns="http://schemas.microsoft.com/developer/msbuild/2003">
  <ItemGroup>
    <Filter Include="Source Files">
      <UniqueIdentifier>{4FC737F1-C7A5-4376-A066-2A32D752A2FF}</UniqueIdentifier>
      <Extensions>cpp;c;cc;cxx;c++;cppm;ixx;def;odl;idl;hpj;bat;asm;asmx</Extensions>
    </Filter>
    <Filter Include="Header Files">
      <UniqueIdentifier>{93995380-89BD-4b04-88EB-625FBE52EBFB}</UniqueIdentifier>
      <Extensions>h;hh;hpp;hxx;h++;hm;inl;inc;ipp;xsd</Extensions>
    </Filter>
    <Filter Include="Resource Files">
      <UniqueIdentifier>{67DA6AB6-F800-4c08-8B7A-83BB121AAD01}</UniqueIdentifier>
      <Extensions>rc;ico;cur;bmp;dlg;rc2;rct;bin;rgs;gif;jpg;jpeg;jpe;resx;tiff;tif;png;wav;mfcribbon-ms</Extensions>
    </Filter>
    <Filter Include="mysql">
      <UniqueIdentifier>{25db3ace-b493-45ce-980a-485bc29ae1b9}</UniqueIdentifier>
    </Filter>
    <Filter Include="views">
      <UniqueIdentifier>{60d211a7-c185-41df-94b3-cdbb39cec4d5}</UniqueIdentifier>
    </Filter>
  </ItemGroup>
  <ItemGroup>
    <ClInclude Include="resource.h">
      <Filter>Header Files</Filter>
    </ClInclude>
    <ClInclude Include="D:\predavanja+vezbe\oop2V\oop\singi-oop2-2020\projekat\models\PoslovniKontakt.hpp">
      <Filter>Header Files</Filter>
    </ClInclude>
    <ClInclude Include="D:\predavanja+vezbe\oop2V\oop\singi-oop2-2020\projekat\models\Racunovodja.hpp">
      <Filter>Header Files</Filter>
    </ClInclude>
    <ClInclude Include="D:\predavanja+vezbe\oop2V\oop\singi-oop2-2020\projekat\models\Revizor.hpp">
      <Filter>Header Files</Filter>
    </ClInclude>
    <ClInclude Include="D:\predavanja+vezbe\oop2V\oop\singi-oop2-2020\projekat\models\Datum.hpp">
      <Filter>Header Files</Filter>
    </ClInclude>
    <ClInclude Include="D:\predavanja+vezbe\oop2V\oop\singi-oop2-2020\projekat\models\Komercijalista.hpp">
      <Filter>Header Files</Filter>
    </ClInclude>
    <ClInclude Include="Preduzece2.h">
      <Filter>Header Files</Filter>
    </ClInclude>
    <ClInclude Include="Odeljnje.h">
      <Filter>Header Files</Filter>
    </ClInclude>
  </ItemGroup>
  <ItemGroup>
    <ResourceCompile Include="oop2_2019270544.rc">
      <Filter>Resource Files</Filter>
    </ResourceCompile>
  </ItemGroup>
  <ItemGroup>
    <ClCompile Include="D:\predavanja+vezbe\oop2V\oop\singi-oop2-2020\projekat\models\Racunovodja.cpp">
      <Filter>Source Files</Filter>
    </ClCompile>
    <ClCompile Include="D:\predavanja+vezbe\oop2V\oop\singi-oop2-2020\projekat\models\Radnik.cpp">
      <Filter>Source Files</Filter>
    </ClCompile>
    <ClCompile Include="D:\predavanja+vezbe\oop2V\oop\singi-oop2-2020\projekat\models\Revizor.cpp">
      <Filter>Source Files</Filter>
    </ClCompile>
    <ClCompile Include="D:\predavanja+vezbe\oop2V\oop\singi-oop2-2020\projekat\models\Komercijalista.cpp">
      <Filter>Source Files</Filter>
    </ClCompile>
    <ClCompile Include="D:\predavanja+vezbe\oop2V\oop\singi-oop2-2020\projekat\models\PoslovniKontakt.cpp">
      <Filter>Source Files</Filter>
    </ClCompile>
    <ClCompile Include="main.cpp" />
    <ClCompile Include="mysql\mysqlConnector.cpp">
      <Filter>mysql</Filter>
    </ClCompile>
    <ClCompile Include="Preduzece2.cpp">
      <Filter>Source Files</Filter>
    </ClCompile>
    <ClCompile Include="Odeljnje.cpp">
      <Filter>Source Files</Filter>
    </ClCompile>
    <ClCompile Include="mainView.h">
      <Filter>views</Filter>
    </ClCompile>
  </ItemGroup>
  <ItemGroup>
    <Text Include="config.txt">
      <Filter>Resource Files</Filter>
    </Text>
  </ItemGroup>
</Project>